
Microsoft Visual Studio Solution File, Format Version 12.00
# Visual Studio 15
VisualStudioVersion = 15.0.27130.2024
MinimumVisualStudioVersion = 10.0.40219.1
Project("{FAE04EC0-301F-11D3-BF4B-00C04F79EFBC}") = "RedFox.Server", "RedFox.Server\RedFox.Server.csproj", "{1874A3F3-02F2-4895-8489-77E96B93FAB7}"
EndProject
Project("{FAE04EC0-301F-11D3-BF4B-00C04F79EFBC}") = "RedFox.Logger", "RedFox.Logger\RedFox.Logger.csproj", "{658EF771-1BF5-4C5C-9D43-F3F22EDB4C60}"
EndProject
Project("{FAE04EC0-301F-11D3-BF4B-00C04F79EFBC}") = "RedFox.Converters.CEA608", "RedFox.Converters.CEA608\RedFox.Converters.CEA608.csproj", "{6DBB1FEF-0878-48E8-A5B6-3A7CFA72F57B}"
EndProject
Project("{FAE04EC0-301F-11D3-BF4B-00C04F79EFBC}") = "RedFox.Providers.Dial", "RedFox.Providers.Dial\RedFox.Providers.Dial.csproj", "{3145B79F-D97F-406B-AAEC-5CF1BDF7DC92}"
EndProject
Project("{2150E333-8FDC-42A3-9474-1A3956D46DE8}") = "Converters", "Converters", "{1462E252-6558-46B9-AB49-1AF431A11971}"
EndProject
Project("{2150E333-8FDC-42A3-9474-1A3956D46DE8}") = "Transcribers", "Transcribers", "{9AC75302-2D96-4C88-A1EB-0A451A9C1D01}"
EndProject
Project("{2150E333-8FDC-42A3-9474-1A3956D46DE8}") = "Consumers", "Consumers", "{C831F87F-C7BC-4E2A-BC52-604C8700515C}"
EndProject
Project("{2150E333-8FDC-42A3-9474-1A3956D46DE8}") = "Providers", "Providers", "{4A3FD652-3AD5-47C5-9909-588B4EEEDBAE}"
EndProject
Project("{FAE04EC0-301F-11D3-BF4B-00C04F79EFBC}") = "RedFox.Converters.Mock", "RedFox.Converters.Mock\RedFox.Converters.Mock.csproj", "{E5F7453F-4453-4197-9AED-4B90B35FC7F2}"
EndProject
Project("{FAE04EC0-301F-11D3-BF4B-00C04F79EFBC}") = "RedFox.Transcribers.Mock", "RedFox.Transcribers.Mock\RedFox.Transcribers.Mock.csproj", "{AE76687D-B4E7-4A2D-82F6-A168C35C0479}"
EndProject
Project("{FAE04EC0-301F-11D3-BF4B-00C04F79EFBC}") = "RedFox.Console", "RedFox.Console\RedFox.Console.csproj", "{5505A9AA-BB2F-4D4B-9DB9-9CE5F3083B19}"
EndProject
Project("{FAE04EC0-301F-11D3-BF4B-00C04F79EFBC}") = "RedFox.Providers.Mock", "RedFox.Providers.Mock\RedFox.Providers.Mock.csproj", "{5F54E35F-88AC-44A1-9CCE-2656FABB2D2C}"
EndProject
Project("{FAE04EC0-301F-11D3-BF4B-00C04F79EFBC}") = "RedFox.Shared", "RedFox.Shared\RedFox.Shared.csproj", "{4722BE3E-A688-4575-AFEA-21E45A858D53}"
EndProject
Project("{FAE04EC0-301F-11D3-BF4B-00C04F79EFBC}") = "RedFox.Consumers.Asterisk", "RedFox.Consumers.Asterisk\RedFox.Consumers.Asterisk.csproj", "{CFCF4780-898E-44AE-8C0A-A257906D14E2}"
EndProject
Project("{FAE04EC0-301F-11D3-BF4B-00C04F79EFBC}") = "RedFox.Consumers.WavRecorder", "RedFox.Consumers.WavRecorder\RedFox.Consumers.WavRecorder.csproj", "{FEB5BE61-71B8-4763-913C-B236D76347EB}"
EndProject
Project("{FAE04EC0-301F-11D3-BF4B-00C04F79EFBC}") = "RedFox.Transcribers.Watson", "RedFox.Transcribers.Watson\RedFox.Transcribers.Watson.csproj", "{AFC59A46-A7A0-4582-A85C-31180665FFBA}"
EndProject
Project("{FAE04EC0-301F-11D3-BF4B-00C04F79EFBC}") = "RedFox.Core", "RedFox.Core\RedFox.Core.csproj", "{805258F9-2CBC-4AD6-8272-B8EF51613456}"
EndProject
Project("{2150E333-8FDC-42A3-9474-1A3956D46DE8}") = "NotificationTargets", "NotificationTargets", "{E08457FC-A7CD-4CC2-B624-FC5478C3741D}"
EndProject
Project("{FAE04EC0-301F-11D3-BF4B-00C04F79EFBC}") = "RedFox.NotificationTargets.Telegram", "RedFox.NotificationTargets.Telegram\RedFox.NotificationTargets.Telegram.csproj", "{C9DFA7DB-76F3-44B5-8A69-CAD06DC98651}"
EndProject
Project("{FAE04EC0-301F-11D3-BF4B-00C04F79EFBC}") = "RedFox.Consumers.WebSocket", "RedFox.Consumers.WebSocket\RedFox.Consumers.WebSocket.csproj", "{DD84715E-5780-49DF-A013-8101A4FE6A1C}"
EndProject
Project("{FAE04EC0-301F-11D3-BF4B-00C04F79EFBC}") = "RedFox.Converters.CEA608.Tests", "RedFox.Converters.CEA608.Tests\RedFox.Converters.CEA608.Tests.csproj", "{1CDDBC46-B26E-45F1-A87C-4968A375BEE2}"
EndProject
Project("{2150E333-8FDC-42A3-9474-1A3956D46DE8}") = "MessageClients", "MessageClients", "{7B1A525F-EEED-4D1E-A108-8B3B38DC7E8D}"
EndProject
Project("{FAE04EC0-301F-11D3-BF4B-00C04F79EFBC}") = "RedFox.MessageClients.RabbitMQ", "RedFox.MessageClients.RabbitMQ\RedFox.MessageClients.RabbitMQ.csproj", "{AE51F1FC-FCC6-48E3-AD36-1D47799D78D7}"
EndProject
Project("{FAE04EC0-301F-11D3-BF4B-00C04F79EFBC}") = "RedFox.Providers.IP", "RedFox.Providers.IP\RedFox.Providers.IP.csproj", "{EAC35289-F1DE-4754-83D9-291880CE2955}"
EndProject
Project("{FAE04EC0-301F-11D3-BF4B-00C04F79EFBC}") = "RedFox.NotificationTargets.TwilioSMS", "RedFox.NotificationTargets.TwilioSMS\RedFox.NotificationTargets.TwilioSMS.csproj", "{857C2D37-8164-44F7-A531-F6222B26C4BF}"
EndProject
Project("{FAE04EC0-301F-11D3-BF4B-00C04F79EFBC}") = "RedFox.Providers.Archive", "RedFox.Providers.Archive\RedFox.Providers.Archive.csproj", "{2A785CF8-2361-4457-AF7A-1C57785856FB}"
EndProject
Project("{FAE04EC0-301F-11D3-BF4B-00C04F79EFBC}") = "RedFox.Consumers.Mock", "RedFox.Consumers.Mock\RedFox.Consumers.Mock.csproj", "{EB76DA0A-B765-4342-9E59-E93DCE701C62}"
EndProject
Project("{54435603-DBB4-11D2-8724-00A0C9A8B90C}") = "RedFox.Server.Installer", "RedFox.Server.Installer\RedFox.Server.Installer.vdproj", "{DDBB10FC-D74C-4B5F-AA81-8F4BAF1EE3C3}"
EndProject
Project("{FAE04EC0-301F-11D3-BF4B-00C04F79EFBC}") = "RedFox.Core.Tests", "RedFox.Core.Tests\RedFox.Core.Tests.csproj", "{F8B18F8D-9E44-457C-97CC-3D45E1751827}"
EndProject
Project("{2150E333-8FDC-42A3-9474-1A3956D46DE8}") = "Recorders", "Recorders", "{A277AC58-628F-416C-B1ED-ECC0272CF91F}"
EndProject
Project("{FAE04EC0-301F-11D3-BF4B-00C04F79EFBC}") = "RedFox.Recorders.WavRecorder", "RedFox.Recorders.WavRecorder\RedFox.Recorders.WavRecorder.csproj", "{865101E6-5768-4B99-AB4C-51BB6D3A466D}"
EndProject
Project("{FAE04EC0-301F-11D3-BF4B-00C04F79EFBC}") = "RedFox.Transcribers.GoogleCloudSpeech", "RedFox.Transcribers.GoogleCloudSpeech\RedFox.Transcribers.GoogleCloudSpeech.csproj", "{FC319963-8BA7-43F3-A05E-96F731432B83}"
EndProject
Project("{2150E333-8FDC-42A3-9474-1A3956D46DE8}") = "ThirdParty", "ThirdParty", "{459A1F59-7C2B-4250-9447-6F65799F0F74}"
EndProject
Project("{FAE04EC0-301F-11D3-BF4B-00C04F79EFBC}") = "RedFox.Transcribers.MicrosoftBing", "RedFox.Transcribers.MicrosoftBing\RedFox.Transcribers.MicrosoftBing.csproj", "{460B770E-6439-42D7-A53B-82A571E9C1ED}"
EndProject
Project("{FAE04EC0-301F-11D3-BF4B-00C04F79EFBC}") = "RedFox.Transcribers.MicrosoftSpeech", "RedFox.Transcriber.MicrosoftSpeech\RedFox.Transcribers.MicrosoftSpeech.csproj", "{1108BDC1-DF2C-4AE0-9CCE-700C2DE224B9}"
EndProject
Project("{FAE04EC0-301F-11D3-BF4B-00C04F79EFBC}") = "SIPSorcery.SIP.App", "SIPSorcery.SIP.App\SIPSorcery.SIP.App.csproj", "{339648E6-3B61-4A27-B4A2-38A8216B1D7E}"
EndProject
Project("{FAE04EC0-301F-11D3-BF4B-00C04F79EFBC}") = "RedFox.Consumers.Loopback", "RedFox.Consumers.Loopback\RedFox.Consumers.Loopback.csproj", "{484B7A5F-FE2C-4AE1-B9C7-B5AAB4153E59}"
EndProject
Global
	GlobalSection(SolutionConfigurationPlatforms) = preSolution
		Debug|Any CPU = Debug|Any CPU
		Debug|x64 = Debug|x64
		Debug|x86 = Debug|x86
		Debugx64|Any CPU = Debugx64|Any CPU
		Debugx64|x64 = Debugx64|x64
		Debugx64|x86 = Debugx64|x86
		Release|Any CPU = Release|Any CPU
		Release|x64 = Release|x64
		Release|x86 = Release|x86
	EndGlobalSection
	GlobalSection(ProjectConfigurationPlatforms) = postSolution
		{1874A3F3-02F2-4895-8489-77E96B93FAB7}.Debug|Any CPU.ActiveCfg = Debug|Any CPU
		{1874A3F3-02F2-4895-8489-77E96B93FAB7}.Debug|Any CPU.Build.0 = Debug|Any CPU
		{1874A3F3-02F2-4895-8489-77E96B93FAB7}.Debug|x64.ActiveCfg = Debug|Any CPU
		{1874A3F3-02F2-4895-8489-77E96B93FAB7}.Debug|x64.Build.0 = Debug|Any CPU
		{1874A3F3-02F2-4895-8489-77E96B93FAB7}.Debug|x86.ActiveCfg = Debug|Any CPU
		{1874A3F3-02F2-4895-8489-77E96B93FAB7}.Debug|x86.Build.0 = Debug|Any CPU
		{1874A3F3-02F2-4895-8489-77E96B93FAB7}.Debugx64|Any CPU.ActiveCfg = Debug|Any CPU
		{1874A3F3-02F2-4895-8489-77E96B93FAB7}.Debugx64|Any CPU.Build.0 = Debug|Any CPU
		{1874A3F3-02F2-4895-8489-77E96B93FAB7}.Debugx64|x64.ActiveCfg = Debug|Any CPU
		{1874A3F3-02F2-4895-8489-77E96B93FAB7}.Debugx64|x64.Build.0 = Debug|Any CPU
		{1874A3F3-02F2-4895-8489-77E96B93FAB7}.Debugx64|x86.ActiveCfg = Debug|Any CPU
		{1874A3F3-02F2-4895-8489-77E96B93FAB7}.Debugx64|x86.Build.0 = Debug|Any CPU
		{1874A3F3-02F2-4895-8489-77E96B93FAB7}.Release|Any CPU.ActiveCfg = Release|Any CPU
		{1874A3F3-02F2-4895-8489-77E96B93FAB7}.Release|Any CPU.Build.0 = Release|Any CPU
		{1874A3F3-02F2-4895-8489-77E96B93FAB7}.Release|x64.ActiveCfg = Release|Any CPU
		{1874A3F3-02F2-4895-8489-77E96B93FAB7}.Release|x64.Build.0 = Release|Any CPU
		{1874A3F3-02F2-4895-8489-77E96B93FAB7}.Release|x86.ActiveCfg = Release|Any CPU
		{1874A3F3-02F2-4895-8489-77E96B93FAB7}.Release|x86.Build.0 = Release|Any CPU
		{658EF771-1BF5-4C5C-9D43-F3F22EDB4C60}.Debug|Any CPU.ActiveCfg = Debug|Any CPU
		{658EF771-1BF5-4C5C-9D43-F3F22EDB4C60}.Debug|Any CPU.Build.0 = Debug|Any CPU
		{658EF771-1BF5-4C5C-9D43-F3F22EDB4C60}.Debug|x64.ActiveCfg = Debug|Any CPU
		{658EF771-1BF5-4C5C-9D43-F3F22EDB4C60}.Debug|x64.Build.0 = Debug|Any CPU
		{658EF771-1BF5-4C5C-9D43-F3F22EDB4C60}.Debug|x86.ActiveCfg = Debug|Any CPU
		{658EF771-1BF5-4C5C-9D43-F3F22EDB4C60}.Debug|x86.Build.0 = Debug|Any CPU
		{658EF771-1BF5-4C5C-9D43-F3F22EDB4C60}.Debugx64|Any CPU.ActiveCfg = Debug|Any CPU
		{658EF771-1BF5-4C5C-9D43-F3F22EDB4C60}.Debugx64|Any CPU.Build.0 = Debug|Any CPU
		{658EF771-1BF5-4C5C-9D43-F3F22EDB4C60}.Debugx64|x64.ActiveCfg = Debug|Any CPU
		{658EF771-1BF5-4C5C-9D43-F3F22EDB4C60}.Debugx64|x64.Build.0 = Debug|Any CPU
		{658EF771-1BF5-4C5C-9D43-F3F22EDB4C60}.Debugx64|x86.ActiveCfg = Debug|Any CPU
		{658EF771-1BF5-4C5C-9D43-F3F22EDB4C60}.Debugx64|x86.Build.0 = Debug|Any CPU
		{658EF771-1BF5-4C5C-9D43-F3F22EDB4C60}.Release|Any CPU.ActiveCfg = Release|Any CPU
		{658EF771-1BF5-4C5C-9D43-F3F22EDB4C60}.Release|Any CPU.Build.0 = Release|Any CPU
		{658EF771-1BF5-4C5C-9D43-F3F22EDB4C60}.Release|x64.ActiveCfg = Release|Any CPU
		{658EF771-1BF5-4C5C-9D43-F3F22EDB4C60}.Release|x64.Build.0 = Release|Any CPU
		{658EF771-1BF5-4C5C-9D43-F3F22EDB4C60}.Release|x86.ActiveCfg = Release|Any CPU
		{658EF771-1BF5-4C5C-9D43-F3F22EDB4C60}.Release|x86.Build.0 = Release|Any CPU
		{6DBB1FEF-0878-48E8-A5B6-3A7CFA72F57B}.Debug|Any CPU.ActiveCfg = Debug|Any CPU
		{6DBB1FEF-0878-48E8-A5B6-3A7CFA72F57B}.Debug|Any CPU.Build.0 = Debug|Any CPU
		{6DBB1FEF-0878-48E8-A5B6-3A7CFA72F57B}.Debug|x64.ActiveCfg = Debug|Any CPU
		{6DBB1FEF-0878-48E8-A5B6-3A7CFA72F57B}.Debug|x64.Build.0 = Debug|Any CPU
		{6DBB1FEF-0878-48E8-A5B6-3A7CFA72F57B}.Debug|x86.ActiveCfg = Debug|Any CPU
		{6DBB1FEF-0878-48E8-A5B6-3A7CFA72F57B}.Debug|x86.Build.0 = Debug|Any CPU
		{6DBB1FEF-0878-48E8-A5B6-3A7CFA72F57B}.Debugx64|Any CPU.ActiveCfg = Debug|Any CPU
		{6DBB1FEF-0878-48E8-A5B6-3A7CFA72F57B}.Debugx64|Any CPU.Build.0 = Debug|Any CPU
		{6DBB1FEF-0878-48E8-A5B6-3A7CFA72F57B}.Debugx64|x64.ActiveCfg = Debug|Any CPU
		{6DBB1FEF-0878-48E8-A5B6-3A7CFA72F57B}.Debugx64|x64.Build.0 = Debug|Any CPU
		{6DBB1FEF-0878-48E8-A5B6-3A7CFA72F57B}.Debugx64|x86.ActiveCfg = Debug|Any CPU
		{6DBB1FEF-0878-48E8-A5B6-3A7CFA72F57B}.Debugx64|x86.Build.0 = Debug|Any CPU
		{6DBB1FEF-0878-48E8-A5B6-3A7CFA72F57B}.Release|Any CPU.ActiveCfg = Release|Any CPU
		{6DBB1FEF-0878-48E8-A5B6-3A7CFA72F57B}.Release|Any CPU.Build.0 = Release|Any CPU
		{6DBB1FEF-0878-48E8-A5B6-3A7CFA72F57B}.Release|x64.ActiveCfg = Release|Any CPU
		{6DBB1FEF-0878-48E8-A5B6-3A7CFA72F57B}.Release|x64.Build.0 = Release|Any CPU
		{6DBB1FEF-0878-48E8-A5B6-3A7CFA72F57B}.Release|x86.ActiveCfg = Release|Any CPU
		{6DBB1FEF-0878-48E8-A5B6-3A7CFA72F57B}.Release|x86.Build.0 = Release|Any CPU
		{3145B79F-D97F-406B-AAEC-5CF1BDF7DC92}.Debug|Any CPU.ActiveCfg = Debug|Any CPU
		{3145B79F-D97F-406B-AAEC-5CF1BDF7DC92}.Debug|Any CPU.Build.0 = Debug|Any CPU
		{3145B79F-D97F-406B-AAEC-5CF1BDF7DC92}.Debug|x64.ActiveCfg = Debug|Any CPU
		{3145B79F-D97F-406B-AAEC-5CF1BDF7DC92}.Debug|x64.Build.0 = Debug|Any CPU
		{3145B79F-D97F-406B-AAEC-5CF1BDF7DC92}.Debug|x86.ActiveCfg = Debug|Any CPU
		{3145B79F-D97F-406B-AAEC-5CF1BDF7DC92}.Debug|x86.Build.0 = Debug|Any CPU
		{3145B79F-D97F-406B-AAEC-5CF1BDF7DC92}.Debugx64|Any CPU.ActiveCfg = Debug|Any CPU
		{3145B79F-D97F-406B-AAEC-5CF1BDF7DC92}.Debugx64|Any CPU.Build.0 = Debug|Any CPU
		{3145B79F-D97F-406B-AAEC-5CF1BDF7DC92}.Debugx64|x64.ActiveCfg = Debug|Any CPU
		{3145B79F-D97F-406B-AAEC-5CF1BDF7DC92}.Debugx64|x64.Build.0 = Debug|Any CPU
		{3145B79F-D97F-406B-AAEC-5CF1BDF7DC92}.Debugx64|x86.ActiveCfg = Debug|Any CPU
		{3145B79F-D97F-406B-AAEC-5CF1BDF7DC92}.Debugx64|x86.Build.0 = Debug|Any CPU
		{3145B79F-D97F-406B-AAEC-5CF1BDF7DC92}.Release|Any CPU.ActiveCfg = Release|Any CPU
		{3145B79F-D97F-406B-AAEC-5CF1BDF7DC92}.Release|Any CPU.Build.0 = Release|Any CPU
		{3145B79F-D97F-406B-AAEC-5CF1BDF7DC92}.Release|x64.ActiveCfg = Release|Any CPU
		{3145B79F-D97F-406B-AAEC-5CF1BDF7DC92}.Release|x64.Build.0 = Release|Any CPU
		{3145B79F-D97F-406B-AAEC-5CF1BDF7DC92}.Release|x86.ActiveCfg = Release|Any CPU
		{3145B79F-D97F-406B-AAEC-5CF1BDF7DC92}.Release|x86.Build.0 = Release|Any CPU
		{E5F7453F-4453-4197-9AED-4B90B35FC7F2}.Debug|Any CPU.ActiveCfg = Debug|Any CPU
		{E5F7453F-4453-4197-9AED-4B90B35FC7F2}.Debug|Any CPU.Build.0 = Debug|Any CPU
		{E5F7453F-4453-4197-9AED-4B90B35FC7F2}.Debug|x64.ActiveCfg = Debug|Any CPU
		{E5F7453F-4453-4197-9AED-4B90B35FC7F2}.Debug|x64.Build.0 = Debug|Any CPU
		{E5F7453F-4453-4197-9AED-4B90B35FC7F2}.Debug|x86.ActiveCfg = Debug|Any CPU
		{E5F7453F-4453-4197-9AED-4B90B35FC7F2}.Debug|x86.Build.0 = Debug|Any CPU
		{E5F7453F-4453-4197-9AED-4B90B35FC7F2}.Debugx64|Any CPU.ActiveCfg = Debug|Any CPU
		{E5F7453F-4453-4197-9AED-4B90B35FC7F2}.Debugx64|Any CPU.Build.0 = Debug|Any CPU
		{E5F7453F-4453-4197-9AED-4B90B35FC7F2}.Debugx64|x64.ActiveCfg = Debug|Any CPU
		{E5F7453F-4453-4197-9AED-4B90B35FC7F2}.Debugx64|x64.Build.0 = Debug|Any CPU
		{E5F7453F-4453-4197-9AED-4B90B35FC7F2}.Debugx64|x86.ActiveCfg = Debug|Any CPU
		{E5F7453F-4453-4197-9AED-4B90B35FC7F2}.Debugx64|x86.Build.0 = Debug|Any CPU
		{E5F7453F-4453-4197-9AED-4B90B35FC7F2}.Release|Any CPU.ActiveCfg = Release|Any CPU
		{E5F7453F-4453-4197-9AED-4B90B35FC7F2}.Release|Any CPU.Build.0 = Release|Any CPU
		{E5F7453F-4453-4197-9AED-4B90B35FC7F2}.Release|x64.ActiveCfg = Release|Any CPU
		{E5F7453F-4453-4197-9AED-4B90B35FC7F2}.Release|x64.Build.0 = Release|Any CPU
		{E5F7453F-4453-4197-9AED-4B90B35FC7F2}.Release|x86.ActiveCfg = Release|Any CPU
		{E5F7453F-4453-4197-9AED-4B90B35FC7F2}.Release|x86.Build.0 = Release|Any CPU
		{AE76687D-B4E7-4A2D-82F6-A168C35C0479}.Debug|Any CPU.ActiveCfg = Debug|Any CPU
		{AE76687D-B4E7-4A2D-82F6-A168C35C0479}.Debug|Any CPU.Build.0 = Debug|Any CPU
		{AE76687D-B4E7-4A2D-82F6-A168C35C0479}.Debug|x64.ActiveCfg = Debug|Any CPU
		{AE76687D-B4E7-4A2D-82F6-A168C35C0479}.Debug|x64.Build.0 = Debug|Any CPU
		{AE76687D-B4E7-4A2D-82F6-A168C35C0479}.Debug|x86.ActiveCfg = Debug|Any CPU
		{AE76687D-B4E7-4A2D-82F6-A168C35C0479}.Debug|x86.Build.0 = Debug|Any CPU
		{AE76687D-B4E7-4A2D-82F6-A168C35C0479}.Debugx64|Any CPU.ActiveCfg = Debug|Any CPU
		{AE76687D-B4E7-4A2D-82F6-A168C35C0479}.Debugx64|Any CPU.Build.0 = Debug|Any CPU
		{AE76687D-B4E7-4A2D-82F6-A168C35C0479}.Debugx64|x64.ActiveCfg = Debug|Any CPU
		{AE76687D-B4E7-4A2D-82F6-A168C35C0479}.Debugx64|x64.Build.0 = Debug|Any CPU
		{AE76687D-B4E7-4A2D-82F6-A168C35C0479}.Debugx64|x86.ActiveCfg = Debug|Any CPU
		{AE76687D-B4E7-4A2D-82F6-A168C35C0479}.Debugx64|x86.Build.0 = Debug|Any CPU
		{AE76687D-B4E7-4A2D-82F6-A168C35C0479}.Release|Any CPU.ActiveCfg = Release|Any CPU
		{AE76687D-B4E7-4A2D-82F6-A168C35C0479}.Release|Any CPU.Build.0 = Release|Any CPU
		{AE76687D-B4E7-4A2D-82F6-A168C35C0479}.Release|x64.ActiveCfg = Release|Any CPU
		{AE76687D-B4E7-4A2D-82F6-A168C35C0479}.Release|x64.Build.0 = Release|Any CPU
		{AE76687D-B4E7-4A2D-82F6-A168C35C0479}.Release|x86.ActiveCfg = Release|Any CPU
		{AE76687D-B4E7-4A2D-82F6-A168C35C0479}.Release|x86.Build.0 = Release|Any CPU
		{5505A9AA-BB2F-4D4B-9DB9-9CE5F3083B19}.Debug|Any CPU.ActiveCfg = Debug|Any CPU
		{5505A9AA-BB2F-4D4B-9DB9-9CE5F3083B19}.Debug|Any CPU.Build.0 = Debug|Any CPU
		{5505A9AA-BB2F-4D4B-9DB9-9CE5F3083B19}.Debug|x64.ActiveCfg = Debug|Any CPU
		{5505A9AA-BB2F-4D4B-9DB9-9CE5F3083B19}.Debug|x64.Build.0 = Debug|Any CPU
		{5505A9AA-BB2F-4D4B-9DB9-9CE5F3083B19}.Debug|x86.ActiveCfg = Debug|Any CPU
		{5505A9AA-BB2F-4D4B-9DB9-9CE5F3083B19}.Debug|x86.Build.0 = Debug|Any CPU
		{5505A9AA-BB2F-4D4B-9DB9-9CE5F3083B19}.Debugx64|Any CPU.ActiveCfg = Debug|Any CPU
		{5505A9AA-BB2F-4D4B-9DB9-9CE5F3083B19}.Debugx64|Any CPU.Build.0 = Debug|Any CPU
		{5505A9AA-BB2F-4D4B-9DB9-9CE5F3083B19}.Debugx64|x64.ActiveCfg = Debug|Any CPU
		{5505A9AA-BB2F-4D4B-9DB9-9CE5F3083B19}.Debugx64|x64.Build.0 = Debug|Any CPU
		{5505A9AA-BB2F-4D4B-9DB9-9CE5F3083B19}.Debugx64|x86.ActiveCfg = Debug|Any CPU
		{5505A9AA-BB2F-4D4B-9DB9-9CE5F3083B19}.Debugx64|x86.Build.0 = Debug|Any CPU
		{5505A9AA-BB2F-4D4B-9DB9-9CE5F3083B19}.Release|Any CPU.ActiveCfg = Release|Any CPU
		{5505A9AA-BB2F-4D4B-9DB9-9CE5F3083B19}.Release|Any CPU.Build.0 = Release|Any CPU
		{5505A9AA-BB2F-4D4B-9DB9-9CE5F3083B19}.Release|x64.ActiveCfg = Release|Any CPU
		{5505A9AA-BB2F-4D4B-9DB9-9CE5F3083B19}.Release|x64.Build.0 = Release|Any CPU
		{5505A9AA-BB2F-4D4B-9DB9-9CE5F3083B19}.Release|x86.ActiveCfg = Release|Any CPU
		{5505A9AA-BB2F-4D4B-9DB9-9CE5F3083B19}.Release|x86.Build.0 = Release|Any CPU
		{5F54E35F-88AC-44A1-9CCE-2656FABB2D2C}.Debug|Any CPU.ActiveCfg = Debug|Any CPU
		{5F54E35F-88AC-44A1-9CCE-2656FABB2D2C}.Debug|Any CPU.Build.0 = Debug|Any CPU
		{5F54E35F-88AC-44A1-9CCE-2656FABB2D2C}.Debug|x64.ActiveCfg = Debug|Any CPU
		{5F54E35F-88AC-44A1-9CCE-2656FABB2D2C}.Debug|x64.Build.0 = Debug|Any CPU
		{5F54E35F-88AC-44A1-9CCE-2656FABB2D2C}.Debug|x86.ActiveCfg = Debug|Any CPU
		{5F54E35F-88AC-44A1-9CCE-2656FABB2D2C}.Debug|x86.Build.0 = Debug|Any CPU
		{5F54E35F-88AC-44A1-9CCE-2656FABB2D2C}.Debugx64|Any CPU.ActiveCfg = Debug|Any CPU
		{5F54E35F-88AC-44A1-9CCE-2656FABB2D2C}.Debugx64|Any CPU.Build.0 = Debug|Any CPU
		{5F54E35F-88AC-44A1-9CCE-2656FABB2D2C}.Debugx64|x64.ActiveCfg = Debug|Any CPU
		{5F54E35F-88AC-44A1-9CCE-2656FABB2D2C}.Debugx64|x64.Build.0 = Debug|Any CPU
		{5F54E35F-88AC-44A1-9CCE-2656FABB2D2C}.Debugx64|x86.ActiveCfg = Debug|Any CPU
		{5F54E35F-88AC-44A1-9CCE-2656FABB2D2C}.Debugx64|x86.Build.0 = Debug|Any CPU
		{5F54E35F-88AC-44A1-9CCE-2656FABB2D2C}.Release|Any CPU.ActiveCfg = Release|Any CPU
		{5F54E35F-88AC-44A1-9CCE-2656FABB2D2C}.Release|Any CPU.Build.0 = Release|Any CPU
		{5F54E35F-88AC-44A1-9CCE-2656FABB2D2C}.Release|x64.ActiveCfg = Release|Any CPU
		{5F54E35F-88AC-44A1-9CCE-2656FABB2D2C}.Release|x64.Build.0 = Release|Any CPU
		{5F54E35F-88AC-44A1-9CCE-2656FABB2D2C}.Release|x86.ActiveCfg = Release|Any CPU
		{5F54E35F-88AC-44A1-9CCE-2656FABB2D2C}.Release|x86.Build.0 = Release|Any CPU
		{4722BE3E-A688-4575-AFEA-21E45A858D53}.Debug|Any CPU.ActiveCfg = Debug|Any CPU
		{4722BE3E-A688-4575-AFEA-21E45A858D53}.Debug|Any CPU.Build.0 = Debug|Any CPU
		{4722BE3E-A688-4575-AFEA-21E45A858D53}.Debug|x64.ActiveCfg = Debug|Any CPU
		{4722BE3E-A688-4575-AFEA-21E45A858D53}.Debug|x64.Build.0 = Debug|Any CPU
		{4722BE3E-A688-4575-AFEA-21E45A858D53}.Debug|x86.ActiveCfg = Debug|Any CPU
		{4722BE3E-A688-4575-AFEA-21E45A858D53}.Debug|x86.Build.0 = Debug|Any CPU
		{4722BE3E-A688-4575-AFEA-21E45A858D53}.Debugx64|Any CPU.ActiveCfg = Debug|Any CPU
		{4722BE3E-A688-4575-AFEA-21E45A858D53}.Debugx64|Any CPU.Build.0 = Debug|Any CPU
		{4722BE3E-A688-4575-AFEA-21E45A858D53}.Debugx64|x64.ActiveCfg = Debug|Any CPU
		{4722BE3E-A688-4575-AFEA-21E45A858D53}.Debugx64|x64.Build.0 = Debug|Any CPU
		{4722BE3E-A688-4575-AFEA-21E45A858D53}.Debugx64|x86.ActiveCfg = Debug|Any CPU
		{4722BE3E-A688-4575-AFEA-21E45A858D53}.Debugx64|x86.Build.0 = Debug|Any CPU
		{4722BE3E-A688-4575-AFEA-21E45A858D53}.Release|Any CPU.ActiveCfg = Release|Any CPU
		{4722BE3E-A688-4575-AFEA-21E45A858D53}.Release|Any CPU.Build.0 = Release|Any CPU
		{4722BE3E-A688-4575-AFEA-21E45A858D53}.Release|x64.ActiveCfg = Release|Any CPU
		{4722BE3E-A688-4575-AFEA-21E45A858D53}.Release|x64.Build.0 = Release|Any CPU
		{4722BE3E-A688-4575-AFEA-21E45A858D53}.Release|x86.ActiveCfg = Release|Any CPU
		{4722BE3E-A688-4575-AFEA-21E45A858D53}.Release|x86.Build.0 = Release|Any CPU
		{CFCF4780-898E-44AE-8C0A-A257906D14E2}.Debug|Any CPU.ActiveCfg = Debug|Any CPU
		{CFCF4780-898E-44AE-8C0A-A257906D14E2}.Debug|Any CPU.Build.0 = Debug|Any CPU
		{CFCF4780-898E-44AE-8C0A-A257906D14E2}.Debug|x64.ActiveCfg = Debug|Any CPU
		{CFCF4780-898E-44AE-8C0A-A257906D14E2}.Debug|x64.Build.0 = Debug|Any CPU
		{CFCF4780-898E-44AE-8C0A-A257906D14E2}.Debug|x86.ActiveCfg = Debug|Any CPU
		{CFCF4780-898E-44AE-8C0A-A257906D14E2}.Debug|x86.Build.0 = Debug|Any CPU
		{CFCF4780-898E-44AE-8C0A-A257906D14E2}.Debugx64|Any CPU.ActiveCfg = Debug|Any CPU
		{CFCF4780-898E-44AE-8C0A-A257906D14E2}.Debugx64|Any CPU.Build.0 = Debug|Any CPU
		{CFCF4780-898E-44AE-8C0A-A257906D14E2}.Debugx64|x64.ActiveCfg = Debug|Any CPU
		{CFCF4780-898E-44AE-8C0A-A257906D14E2}.Debugx64|x64.Build.0 = Debug|Any CPU
		{CFCF4780-898E-44AE-8C0A-A257906D14E2}.Debugx64|x86.ActiveCfg = Debug|Any CPU
		{CFCF4780-898E-44AE-8C0A-A257906D14E2}.Debugx64|x86.Build.0 = Debug|Any CPU
		{CFCF4780-898E-44AE-8C0A-A257906D14E2}.Release|Any CPU.ActiveCfg = Release|Any CPU
		{CFCF4780-898E-44AE-8C0A-A257906D14E2}.Release|Any CPU.Build.0 = Release|Any CPU
		{CFCF4780-898E-44AE-8C0A-A257906D14E2}.Release|x64.ActiveCfg = Release|Any CPU
		{CFCF4780-898E-44AE-8C0A-A257906D14E2}.Release|x64.Build.0 = Release|Any CPU
		{CFCF4780-898E-44AE-8C0A-A257906D14E2}.Release|x86.ActiveCfg = Release|Any CPU
		{CFCF4780-898E-44AE-8C0A-A257906D14E2}.Release|x86.Build.0 = Release|Any CPU
		{FEB5BE61-71B8-4763-913C-B236D76347EB}.Debug|Any CPU.ActiveCfg = Debug|Any CPU
		{FEB5BE61-71B8-4763-913C-B236D76347EB}.Debug|Any CPU.Build.0 = Debug|Any CPU
		{FEB5BE61-71B8-4763-913C-B236D76347EB}.Debug|x64.ActiveCfg = Debug|Any CPU
		{FEB5BE61-71B8-4763-913C-B236D76347EB}.Debug|x64.Build.0 = Debug|Any CPU
		{FEB5BE61-71B8-4763-913C-B236D76347EB}.Debug|x86.ActiveCfg = Debug|Any CPU
		{FEB5BE61-71B8-4763-913C-B236D76347EB}.Debug|x86.Build.0 = Debug|Any CPU
		{FEB5BE61-71B8-4763-913C-B236D76347EB}.Debugx64|Any CPU.ActiveCfg = Debug|Any CPU
		{FEB5BE61-71B8-4763-913C-B236D76347EB}.Debugx64|Any CPU.Build.0 = Debug|Any CPU
		{FEB5BE61-71B8-4763-913C-B236D76347EB}.Debugx64|x64.ActiveCfg = Debug|Any CPU
		{FEB5BE61-71B8-4763-913C-B236D76347EB}.Debugx64|x64.Build.0 = Debug|Any CPU
		{FEB5BE61-71B8-4763-913C-B236D76347EB}.Debugx64|x86.ActiveCfg = Debug|Any CPU
		{FEB5BE61-71B8-4763-913C-B236D76347EB}.Debugx64|x86.Build.0 = Debug|Any CPU
		{FEB5BE61-71B8-4763-913C-B236D76347EB}.Release|Any CPU.ActiveCfg = Release|Any CPU
		{FEB5BE61-71B8-4763-913C-B236D76347EB}.Release|Any CPU.Build.0 = Release|Any CPU
		{FEB5BE61-71B8-4763-913C-B236D76347EB}.Release|x64.ActiveCfg = Release|Any CPU
		{FEB5BE61-71B8-4763-913C-B236D76347EB}.Release|x64.Build.0 = Release|Any CPU
		{FEB5BE61-71B8-4763-913C-B236D76347EB}.Release|x86.ActiveCfg = Release|Any CPU
		{FEB5BE61-71B8-4763-913C-B236D76347EB}.Release|x86.Build.0 = Release|Any CPU
		{AFC59A46-A7A0-4582-A85C-31180665FFBA}.Debug|Any CPU.ActiveCfg = Debug|Any CPU
		{AFC59A46-A7A0-4582-A85C-31180665FFBA}.Debug|Any CPU.Build.0 = Debug|Any CPU
		{AFC59A46-A7A0-4582-A85C-31180665FFBA}.Debug|x64.ActiveCfg = Debug|Any CPU
		{AFC59A46-A7A0-4582-A85C-31180665FFBA}.Debug|x64.Build.0 = Debug|Any CPU
		{AFC59A46-A7A0-4582-A85C-31180665FFBA}.Debug|x86.ActiveCfg = Debug|Any CPU
		{AFC59A46-A7A0-4582-A85C-31180665FFBA}.Debug|x86.Build.0 = Debug|Any CPU
		{AFC59A46-A7A0-4582-A85C-31180665FFBA}.Debugx64|Any CPU.ActiveCfg = Debug|Any CPU
		{AFC59A46-A7A0-4582-A85C-31180665FFBA}.Debugx64|Any CPU.Build.0 = Debug|Any CPU
		{AFC59A46-A7A0-4582-A85C-31180665FFBA}.Debugx64|x64.ActiveCfg = Debug|Any CPU
		{AFC59A46-A7A0-4582-A85C-31180665FFBA}.Debugx64|x64.Build.0 = Debug|Any CPU
		{AFC59A46-A7A0-4582-A85C-31180665FFBA}.Debugx64|x86.ActiveCfg = Debug|Any CPU
		{AFC59A46-A7A0-4582-A85C-31180665FFBA}.Debugx64|x86.Build.0 = Debug|Any CPU
		{AFC59A46-A7A0-4582-A85C-31180665FFBA}.Release|Any CPU.ActiveCfg = Release|Any CPU
		{AFC59A46-A7A0-4582-A85C-31180665FFBA}.Release|Any CPU.Build.0 = Release|Any CPU
		{AFC59A46-A7A0-4582-A85C-31180665FFBA}.Release|x64.ActiveCfg = Release|Any CPU
		{AFC59A46-A7A0-4582-A85C-31180665FFBA}.Release|x64.Build.0 = Release|Any CPU
		{AFC59A46-A7A0-4582-A85C-31180665FFBA}.Release|x86.ActiveCfg = Release|Any CPU
		{AFC59A46-A7A0-4582-A85C-31180665FFBA}.Release|x86.Build.0 = Release|Any CPU
		{805258F9-2CBC-4AD6-8272-B8EF51613456}.Debug|Any CPU.ActiveCfg = Debug|Any CPU
		{805258F9-2CBC-4AD6-8272-B8EF51613456}.Debug|Any CPU.Build.0 = Debug|Any CPU
		{805258F9-2CBC-4AD6-8272-B8EF51613456}.Debug|x64.ActiveCfg = Debug|Any CPU
		{805258F9-2CBC-4AD6-8272-B8EF51613456}.Debug|x64.Build.0 = Debug|Any CPU
		{805258F9-2CBC-4AD6-8272-B8EF51613456}.Debug|x86.ActiveCfg = Debug|Any CPU
		{805258F9-2CBC-4AD6-8272-B8EF51613456}.Debug|x86.Build.0 = Debug|Any CPU
		{805258F9-2CBC-4AD6-8272-B8EF51613456}.Debugx64|Any CPU.ActiveCfg = Debug|Any CPU
		{805258F9-2CBC-4AD6-8272-B8EF51613456}.Debugx64|Any CPU.Build.0 = Debug|Any CPU
		{805258F9-2CBC-4AD6-8272-B8EF51613456}.Debugx64|x64.ActiveCfg = Debug|Any CPU
		{805258F9-2CBC-4AD6-8272-B8EF51613456}.Debugx64|x64.Build.0 = Debug|Any CPU
		{805258F9-2CBC-4AD6-8272-B8EF51613456}.Debugx64|x86.ActiveCfg = Debug|Any CPU
		{805258F9-2CBC-4AD6-8272-B8EF51613456}.Debugx64|x86.Build.0 = Debug|Any CPU
		{805258F9-2CBC-4AD6-8272-B8EF51613456}.Release|Any CPU.ActiveCfg = Release|Any CPU
		{805258F9-2CBC-4AD6-8272-B8EF51613456}.Release|Any CPU.Build.0 = Release|Any CPU
		{805258F9-2CBC-4AD6-8272-B8EF51613456}.Release|x64.ActiveCfg = Release|Any CPU
		{805258F9-2CBC-4AD6-8272-B8EF51613456}.Release|x64.Build.0 = Release|Any CPU
		{805258F9-2CBC-4AD6-8272-B8EF51613456}.Release|x86.ActiveCfg = Release|Any CPU
		{805258F9-2CBC-4AD6-8272-B8EF51613456}.Release|x86.Build.0 = Release|Any CPU
		{C9DFA7DB-76F3-44B5-8A69-CAD06DC98651}.Debug|Any CPU.ActiveCfg = Debug|Any CPU
		{C9DFA7DB-76F3-44B5-8A69-CAD06DC98651}.Debug|Any CPU.Build.0 = Debug|Any CPU
		{C9DFA7DB-76F3-44B5-8A69-CAD06DC98651}.Debug|x64.ActiveCfg = Debug|Any CPU
		{C9DFA7DB-76F3-44B5-8A69-CAD06DC98651}.Debug|x64.Build.0 = Debug|Any CPU
		{C9DFA7DB-76F3-44B5-8A69-CAD06DC98651}.Debug|x86.ActiveCfg = Debug|Any CPU
		{C9DFA7DB-76F3-44B5-8A69-CAD06DC98651}.Debug|x86.Build.0 = Debug|Any CPU
		{C9DFA7DB-76F3-44B5-8A69-CAD06DC98651}.Debugx64|Any CPU.ActiveCfg = Debug|Any CPU
		{C9DFA7DB-76F3-44B5-8A69-CAD06DC98651}.Debugx64|Any CPU.Build.0 = Debug|Any CPU
		{C9DFA7DB-76F3-44B5-8A69-CAD06DC98651}.Debugx64|x64.ActiveCfg = Debug|Any CPU
		{C9DFA7DB-76F3-44B5-8A69-CAD06DC98651}.Debugx64|x64.Build.0 = Debug|Any CPU
		{C9DFA7DB-76F3-44B5-8A69-CAD06DC98651}.Debugx64|x86.ActiveCfg = Debug|Any CPU
		{C9DFA7DB-76F3-44B5-8A69-CAD06DC98651}.Debugx64|x86.Build.0 = Debug|Any CPU
		{C9DFA7DB-76F3-44B5-8A69-CAD06DC98651}.Release|Any CPU.ActiveCfg = Release|Any CPU
		{C9DFA7DB-76F3-44B5-8A69-CAD06DC98651}.Release|Any CPU.Build.0 = Release|Any CPU
		{C9DFA7DB-76F3-44B5-8A69-CAD06DC98651}.Release|x64.ActiveCfg = Release|Any CPU
		{C9DFA7DB-76F3-44B5-8A69-CAD06DC98651}.Release|x64.Build.0 = Release|Any CPU
		{C9DFA7DB-76F3-44B5-8A69-CAD06DC98651}.Release|x86.ActiveCfg = Release|Any CPU
		{C9DFA7DB-76F3-44B5-8A69-CAD06DC98651}.Release|x86.Build.0 = Release|Any CPU
		{DD84715E-5780-49DF-A013-8101A4FE6A1C}.Debug|Any CPU.ActiveCfg = Debug|Any CPU
		{DD84715E-5780-49DF-A013-8101A4FE6A1C}.Debug|Any CPU.Build.0 = Debug|Any CPU
		{DD84715E-5780-49DF-A013-8101A4FE6A1C}.Debug|x64.ActiveCfg = Debug|Any CPU
		{DD84715E-5780-49DF-A013-8101A4FE6A1C}.Debug|x64.Build.0 = Debug|Any CPU
		{DD84715E-5780-49DF-A013-8101A4FE6A1C}.Debug|x86.ActiveCfg = Debug|Any CPU
		{DD84715E-5780-49DF-A013-8101A4FE6A1C}.Debug|x86.Build.0 = Debug|Any CPU
		{DD84715E-5780-49DF-A013-8101A4FE6A1C}.Debugx64|Any CPU.ActiveCfg = Debug|Any CPU
		{DD84715E-5780-49DF-A013-8101A4FE6A1C}.Debugx64|Any CPU.Build.0 = Debug|Any CPU
		{DD84715E-5780-49DF-A013-8101A4FE6A1C}.Debugx64|x64.ActiveCfg = Debug|Any CPU
		{DD84715E-5780-49DF-A013-8101A4FE6A1C}.Debugx64|x64.Build.0 = Debug|Any CPU
		{DD84715E-5780-49DF-A013-8101A4FE6A1C}.Debugx64|x86.ActiveCfg = Debug|Any CPU
		{DD84715E-5780-49DF-A013-8101A4FE6A1C}.Debugx64|x86.Build.0 = Debug|Any CPU
		{DD84715E-5780-49DF-A013-8101A4FE6A1C}.Release|Any CPU.ActiveCfg = Release|Any CPU
		{DD84715E-5780-49DF-A013-8101A4FE6A1C}.Release|Any CPU.Build.0 = Release|Any CPU
		{DD84715E-5780-49DF-A013-8101A4FE6A1C}.Release|x64.ActiveCfg = Release|Any CPU
		{DD84715E-5780-49DF-A013-8101A4FE6A1C}.Release|x64.Build.0 = Release|Any CPU
		{DD84715E-5780-49DF-A013-8101A4FE6A1C}.Release|x86.ActiveCfg = Release|Any CPU
		{DD84715E-5780-49DF-A013-8101A4FE6A1C}.Release|x86.Build.0 = Release|Any CPU
		{1CDDBC46-B26E-45F1-A87C-4968A375BEE2}.Debug|Any CPU.ActiveCfg = Debug|Any CPU
		{1CDDBC46-B26E-45F1-A87C-4968A375BEE2}.Debug|Any CPU.Build.0 = Debug|Any CPU
		{1CDDBC46-B26E-45F1-A87C-4968A375BEE2}.Debug|x64.ActiveCfg = Debug|Any CPU
		{1CDDBC46-B26E-45F1-A87C-4968A375BEE2}.Debug|x64.Build.0 = Debug|Any CPU
		{1CDDBC46-B26E-45F1-A87C-4968A375BEE2}.Debug|x86.ActiveCfg = Debug|Any CPU
		{1CDDBC46-B26E-45F1-A87C-4968A375BEE2}.Debug|x86.Build.0 = Debug|Any CPU
		{1CDDBC46-B26E-45F1-A87C-4968A375BEE2}.Debugx64|Any CPU.ActiveCfg = Debug|Any CPU
		{1CDDBC46-B26E-45F1-A87C-4968A375BEE2}.Debugx64|Any CPU.Build.0 = Debug|Any CPU
		{1CDDBC46-B26E-45F1-A87C-4968A375BEE2}.Debugx64|x64.ActiveCfg = Debug|Any CPU
		{1CDDBC46-B26E-45F1-A87C-4968A375BEE2}.Debugx64|x64.Build.0 = Debug|Any CPU
		{1CDDBC46-B26E-45F1-A87C-4968A375BEE2}.Debugx64|x86.ActiveCfg = Debug|Any CPU
		{1CDDBC46-B26E-45F1-A87C-4968A375BEE2}.Debugx64|x86.Build.0 = Debug|Any CPU
		{1CDDBC46-B26E-45F1-A87C-4968A375BEE2}.Release|Any CPU.ActiveCfg = Release|Any CPU
		{1CDDBC46-B26E-45F1-A87C-4968A375BEE2}.Release|Any CPU.Build.0 = Release|Any CPU
		{1CDDBC46-B26E-45F1-A87C-4968A375BEE2}.Release|x64.ActiveCfg = Release|Any CPU
		{1CDDBC46-B26E-45F1-A87C-4968A375BEE2}.Release|x64.Build.0 = Release|Any CPU
		{1CDDBC46-B26E-45F1-A87C-4968A375BEE2}.Release|x86.ActiveCfg = Release|Any CPU
		{1CDDBC46-B26E-45F1-A87C-4968A375BEE2}.Release|x86.Build.0 = Release|Any CPU
		{AE51F1FC-FCC6-48E3-AD36-1D47799D78D7}.Debug|Any CPU.ActiveCfg = Debug|Any CPU
		{AE51F1FC-FCC6-48E3-AD36-1D47799D78D7}.Debug|Any CPU.Build.0 = Debug|Any CPU
		{AE51F1FC-FCC6-48E3-AD36-1D47799D78D7}.Debug|x64.ActiveCfg = Debug|Any CPU
		{AE51F1FC-FCC6-48E3-AD36-1D47799D78D7}.Debug|x64.Build.0 = Debug|Any CPU
		{AE51F1FC-FCC6-48E3-AD36-1D47799D78D7}.Debug|x86.ActiveCfg = Debug|Any CPU
		{AE51F1FC-FCC6-48E3-AD36-1D47799D78D7}.Debug|x86.Build.0 = Debug|Any CPU
		{AE51F1FC-FCC6-48E3-AD36-1D47799D78D7}.Debugx64|Any CPU.ActiveCfg = Debug|Any CPU
		{AE51F1FC-FCC6-48E3-AD36-1D47799D78D7}.Debugx64|Any CPU.Build.0 = Debug|Any CPU
		{AE51F1FC-FCC6-48E3-AD36-1D47799D78D7}.Debugx64|x64.ActiveCfg = Debug|Any CPU
		{AE51F1FC-FCC6-48E3-AD36-1D47799D78D7}.Debugx64|x64.Build.0 = Debug|Any CPU
		{AE51F1FC-FCC6-48E3-AD36-1D47799D78D7}.Debugx64|x86.ActiveCfg = Debug|Any CPU
		{AE51F1FC-FCC6-48E3-AD36-1D47799D78D7}.Debugx64|x86.Build.0 = Debug|Any CPU
		{AE51F1FC-FCC6-48E3-AD36-1D47799D78D7}.Release|Any CPU.ActiveCfg = Release|Any CPU
		{AE51F1FC-FCC6-48E3-AD36-1D47799D78D7}.Release|Any CPU.Build.0 = Release|Any CPU
		{AE51F1FC-FCC6-48E3-AD36-1D47799D78D7}.Release|x64.ActiveCfg = Release|Any CPU
		{AE51F1FC-FCC6-48E3-AD36-1D47799D78D7}.Release|x64.Build.0 = Release|Any CPU
		{AE51F1FC-FCC6-48E3-AD36-1D47799D78D7}.Release|x86.ActiveCfg = Release|Any CPU
		{AE51F1FC-FCC6-48E3-AD36-1D47799D78D7}.Release|x86.Build.0 = Release|Any CPU
		{EAC35289-F1DE-4754-83D9-291880CE2955}.Debug|Any CPU.ActiveCfg = Debug|Any CPU
		{EAC35289-F1DE-4754-83D9-291880CE2955}.Debug|Any CPU.Build.0 = Debug|Any CPU
		{EAC35289-F1DE-4754-83D9-291880CE2955}.Debug|x64.ActiveCfg = Debug|Any CPU
		{EAC35289-F1DE-4754-83D9-291880CE2955}.Debug|x64.Build.0 = Debug|Any CPU
		{EAC35289-F1DE-4754-83D9-291880CE2955}.Debug|x86.ActiveCfg = Debug|Any CPU
		{EAC35289-F1DE-4754-83D9-291880CE2955}.Debug|x86.Build.0 = Debug|Any CPU
		{EAC35289-F1DE-4754-83D9-291880CE2955}.Debugx64|Any CPU.ActiveCfg = Debug|Any CPU
		{EAC35289-F1DE-4754-83D9-291880CE2955}.Debugx64|Any CPU.Build.0 = Debug|Any CPU
		{EAC35289-F1DE-4754-83D9-291880CE2955}.Debugx64|x64.ActiveCfg = Debug|Any CPU
		{EAC35289-F1DE-4754-83D9-291880CE2955}.Debugx64|x64.Build.0 = Debug|Any CPU
		{EAC35289-F1DE-4754-83D9-291880CE2955}.Debugx64|x86.ActiveCfg = Debug|Any CPU
		{EAC35289-F1DE-4754-83D9-291880CE2955}.Debugx64|x86.Build.0 = Debug|Any CPU
		{EAC35289-F1DE-4754-83D9-291880CE2955}.Release|Any CPU.ActiveCfg = Release|Any CPU
		{EAC35289-F1DE-4754-83D9-291880CE2955}.Release|Any CPU.Build.0 = Release|Any CPU
		{EAC35289-F1DE-4754-83D9-291880CE2955}.Release|x64.ActiveCfg = Release|Any CPU
		{EAC35289-F1DE-4754-83D9-291880CE2955}.Release|x64.Build.0 = Release|Any CPU
		{EAC35289-F1DE-4754-83D9-291880CE2955}.Release|x86.ActiveCfg = Release|Any CPU
		{EAC35289-F1DE-4754-83D9-291880CE2955}.Release|x86.Build.0 = Release|Any CPU
		{857C2D37-8164-44F7-A531-F6222B26C4BF}.Debug|Any CPU.ActiveCfg = Debug|Any CPU
		{857C2D37-8164-44F7-A531-F6222B26C4BF}.Debug|Any CPU.Build.0 = Debug|Any CPU
		{857C2D37-8164-44F7-A531-F6222B26C4BF}.Debug|x64.ActiveCfg = Debug|Any CPU
		{857C2D37-8164-44F7-A531-F6222B26C4BF}.Debug|x64.Build.0 = Debug|Any CPU
		{857C2D37-8164-44F7-A531-F6222B26C4BF}.Debug|x86.ActiveCfg = Debug|Any CPU
		{857C2D37-8164-44F7-A531-F6222B26C4BF}.Debug|x86.Build.0 = Debug|Any CPU
		{857C2D37-8164-44F7-A531-F6222B26C4BF}.Debugx64|Any CPU.ActiveCfg = Debug|Any CPU
		{857C2D37-8164-44F7-A531-F6222B26C4BF}.Debugx64|Any CPU.Build.0 = Debug|Any CPU
		{857C2D37-8164-44F7-A531-F6222B26C4BF}.Debugx64|x64.ActiveCfg = Debug|Any CPU
		{857C2D37-8164-44F7-A531-F6222B26C4BF}.Debugx64|x64.Build.0 = Debug|Any CPU
		{857C2D37-8164-44F7-A531-F6222B26C4BF}.Debugx64|x86.ActiveCfg = Debug|Any CPU
		{857C2D37-8164-44F7-A531-F6222B26C4BF}.Debugx64|x86.Build.0 = Debug|Any CPU
		{857C2D37-8164-44F7-A531-F6222B26C4BF}.Release|Any CPU.ActiveCfg = Release|Any CPU
		{857C2D37-8164-44F7-A531-F6222B26C4BF}.Release|Any CPU.Build.0 = Release|Any CPU
		{857C2D37-8164-44F7-A531-F6222B26C4BF}.Release|x64.ActiveCfg = Release|Any CPU
		{857C2D37-8164-44F7-A531-F6222B26C4BF}.Release|x64.Build.0 = Release|Any CPU
		{857C2D37-8164-44F7-A531-F6222B26C4BF}.Release|x86.ActiveCfg = Release|Any CPU
		{857C2D37-8164-44F7-A531-F6222B26C4BF}.Release|x86.Build.0 = Release|Any CPU
		{2A785CF8-2361-4457-AF7A-1C57785856FB}.Debug|Any CPU.ActiveCfg = Debug|Any CPU
		{2A785CF8-2361-4457-AF7A-1C57785856FB}.Debug|Any CPU.Build.0 = Debug|Any CPU
		{2A785CF8-2361-4457-AF7A-1C57785856FB}.Debug|x64.ActiveCfg = Debug|Any CPU
		{2A785CF8-2361-4457-AF7A-1C57785856FB}.Debug|x64.Build.0 = Debug|Any CPU
		{2A785CF8-2361-4457-AF7A-1C57785856FB}.Debug|x86.ActiveCfg = Debug|Any CPU
		{2A785CF8-2361-4457-AF7A-1C57785856FB}.Debug|x86.Build.0 = Debug|Any CPU
		{2A785CF8-2361-4457-AF7A-1C57785856FB}.Debugx64|Any CPU.ActiveCfg = Debug|Any CPU
		{2A785CF8-2361-4457-AF7A-1C57785856FB}.Debugx64|Any CPU.Build.0 = Debug|Any CPU
		{2A785CF8-2361-4457-AF7A-1C57785856FB}.Debugx64|x64.ActiveCfg = Debug|Any CPU
		{2A785CF8-2361-4457-AF7A-1C57785856FB}.Debugx64|x64.Build.0 = Debug|Any CPU
		{2A785CF8-2361-4457-AF7A-1C57785856FB}.Debugx64|x86.ActiveCfg = Debug|Any CPU
		{2A785CF8-2361-4457-AF7A-1C57785856FB}.Debugx64|x86.Build.0 = Debug|Any CPU
		{2A785CF8-2361-4457-AF7A-1C57785856FB}.Release|Any CPU.ActiveCfg = Release|Any CPU
		{2A785CF8-2361-4457-AF7A-1C57785856FB}.Release|Any CPU.Build.0 = Release|Any CPU
		{2A785CF8-2361-4457-AF7A-1C57785856FB}.Release|x64.ActiveCfg = Release|Any CPU
		{2A785CF8-2361-4457-AF7A-1C57785856FB}.Release|x64.Build.0 = Release|Any CPU
		{2A785CF8-2361-4457-AF7A-1C57785856FB}.Release|x86.ActiveCfg = Release|Any CPU
		{2A785CF8-2361-4457-AF7A-1C57785856FB}.Release|x86.Build.0 = Release|Any CPU
		{EB76DA0A-B765-4342-9E59-E93DCE701C62}.Debug|Any CPU.ActiveCfg = Debug|Any CPU
		{EB76DA0A-B765-4342-9E59-E93DCE701C62}.Debug|Any CPU.Build.0 = Debug|Any CPU
		{EB76DA0A-B765-4342-9E59-E93DCE701C62}.Debug|x64.ActiveCfg = Debug|Any CPU
		{EB76DA0A-B765-4342-9E59-E93DCE701C62}.Debug|x64.Build.0 = Debug|Any CPU
		{EB76DA0A-B765-4342-9E59-E93DCE701C62}.Debug|x86.ActiveCfg = Debug|Any CPU
		{EB76DA0A-B765-4342-9E59-E93DCE701C62}.Debug|x86.Build.0 = Debug|Any CPU
		{EB76DA0A-B765-4342-9E59-E93DCE701C62}.Debugx64|Any CPU.ActiveCfg = Debug|Any CPU
		{EB76DA0A-B765-4342-9E59-E93DCE701C62}.Debugx64|Any CPU.Build.0 = Debug|Any CPU
		{EB76DA0A-B765-4342-9E59-E93DCE701C62}.Debugx64|x64.ActiveCfg = Debug|Any CPU
		{EB76DA0A-B765-4342-9E59-E93DCE701C62}.Debugx64|x64.Build.0 = Debug|Any CPU
		{EB76DA0A-B765-4342-9E59-E93DCE701C62}.Debugx64|x86.ActiveCfg = Debug|Any CPU
		{EB76DA0A-B765-4342-9E59-E93DCE701C62}.Debugx64|x86.Build.0 = Debug|Any CPU
		{EB76DA0A-B765-4342-9E59-E93DCE701C62}.Release|Any CPU.ActiveCfg = Release|Any CPU
		{EB76DA0A-B765-4342-9E59-E93DCE701C62}.Release|Any CPU.Build.0 = Release|Any CPU
		{EB76DA0A-B765-4342-9E59-E93DCE701C62}.Release|x64.ActiveCfg = Release|Any CPU
		{EB76DA0A-B765-4342-9E59-E93DCE701C62}.Release|x64.Build.0 = Release|Any CPU
		{EB76DA0A-B765-4342-9E59-E93DCE701C62}.Release|x86.ActiveCfg = Release|Any CPU
		{EB76DA0A-B765-4342-9E59-E93DCE701C62}.Release|x86.Build.0 = Release|Any CPU
		{DDBB10FC-D74C-4B5F-AA81-8F4BAF1EE3C3}.Debug|Any CPU.ActiveCfg = Debug
		{DDBB10FC-D74C-4B5F-AA81-8F4BAF1EE3C3}.Debug|x64.ActiveCfg = Debug
		{DDBB10FC-D74C-4B5F-AA81-8F4BAF1EE3C3}.Debug|x64.Build.0 = Debug
		{DDBB10FC-D74C-4B5F-AA81-8F4BAF1EE3C3}.Debug|x86.ActiveCfg = Debug
		{DDBB10FC-D74C-4B5F-AA81-8F4BAF1EE3C3}.Debug|x86.Build.0 = Debug
		{DDBB10FC-D74C-4B5F-AA81-8F4BAF1EE3C3}.Debugx64|Any CPU.ActiveCfg = Debug
		{DDBB10FC-D74C-4B5F-AA81-8F4BAF1EE3C3}.Debugx64|Any CPU.Build.0 = Debug
		{DDBB10FC-D74C-4B5F-AA81-8F4BAF1EE3C3}.Debugx64|x64.ActiveCfg = Debug
		{DDBB10FC-D74C-4B5F-AA81-8F4BAF1EE3C3}.Debugx64|x64.Build.0 = Debug
		{DDBB10FC-D74C-4B5F-AA81-8F4BAF1EE3C3}.Debugx64|x86.ActiveCfg = Debug
		{DDBB10FC-D74C-4B5F-AA81-8F4BAF1EE3C3}.Debugx64|x86.Build.0 = Debug
		{DDBB10FC-D74C-4B5F-AA81-8F4BAF1EE3C3}.Release|Any CPU.ActiveCfg = Release
		{DDBB10FC-D74C-4B5F-AA81-8F4BAF1EE3C3}.Release|x64.ActiveCfg = Release
		{DDBB10FC-D74C-4B5F-AA81-8F4BAF1EE3C3}.Release|x64.Build.0 = Release
		{DDBB10FC-D74C-4B5F-AA81-8F4BAF1EE3C3}.Release|x86.ActiveCfg = Release
		{DDBB10FC-D74C-4B5F-AA81-8F4BAF1EE3C3}.Release|x86.Build.0 = Release
		{F8B18F8D-9E44-457C-97CC-3D45E1751827}.Debug|Any CPU.ActiveCfg = Debug|Any CPU
		{F8B18F8D-9E44-457C-97CC-3D45E1751827}.Debug|Any CPU.Build.0 = Debug|Any CPU
		{F8B18F8D-9E44-457C-97CC-3D45E1751827}.Debug|x64.ActiveCfg = Debug|Any CPU
		{F8B18F8D-9E44-457C-97CC-3D45E1751827}.Debug|x64.Build.0 = Debug|Any CPU
		{F8B18F8D-9E44-457C-97CC-3D45E1751827}.Debug|x86.ActiveCfg = Debug|Any CPU
		{F8B18F8D-9E44-457C-97CC-3D45E1751827}.Debug|x86.Build.0 = Debug|Any CPU
		{F8B18F8D-9E44-457C-97CC-3D45E1751827}.Debugx64|Any CPU.ActiveCfg = Debug|Any CPU
		{F8B18F8D-9E44-457C-97CC-3D45E1751827}.Debugx64|Any CPU.Build.0 = Debug|Any CPU
		{F8B18F8D-9E44-457C-97CC-3D45E1751827}.Debugx64|x64.ActiveCfg = Debug|Any CPU
		{F8B18F8D-9E44-457C-97CC-3D45E1751827}.Debugx64|x64.Build.0 = Debug|Any CPU
		{F8B18F8D-9E44-457C-97CC-3D45E1751827}.Debugx64|x86.ActiveCfg = Debug|Any CPU
		{F8B18F8D-9E44-457C-97CC-3D45E1751827}.Debugx64|x86.Build.0 = Debug|Any CPU
		{F8B18F8D-9E44-457C-97CC-3D45E1751827}.Release|Any CPU.ActiveCfg = Release|Any CPU
		{F8B18F8D-9E44-457C-97CC-3D45E1751827}.Release|Any CPU.Build.0 = Release|Any CPU
		{F8B18F8D-9E44-457C-97CC-3D45E1751827}.Release|x64.ActiveCfg = Release|Any CPU
		{F8B18F8D-9E44-457C-97CC-3D45E1751827}.Release|x64.Build.0 = Release|Any CPU
		{F8B18F8D-9E44-457C-97CC-3D45E1751827}.Release|x86.ActiveCfg = Release|Any CPU
		{F8B18F8D-9E44-457C-97CC-3D45E1751827}.Release|x86.Build.0 = Release|Any CPU
		{865101E6-5768-4B99-AB4C-51BB6D3A466D}.Debug|Any CPU.ActiveCfg = Debug|Any CPU
		{865101E6-5768-4B99-AB4C-51BB6D3A466D}.Debug|Any CPU.Build.0 = Debug|Any CPU
		{865101E6-5768-4B99-AB4C-51BB6D3A466D}.Debug|x64.ActiveCfg = Debug|Any CPU
		{865101E6-5768-4B99-AB4C-51BB6D3A466D}.Debug|x64.Build.0 = Debug|Any CPU
		{865101E6-5768-4B99-AB4C-51BB6D3A466D}.Debug|x86.ActiveCfg = Debug|Any CPU
		{865101E6-5768-4B99-AB4C-51BB6D3A466D}.Debug|x86.Build.0 = Debug|Any CPU
		{865101E6-5768-4B99-AB4C-51BB6D3A466D}.Debugx64|Any CPU.ActiveCfg = Debug|Any CPU
		{865101E6-5768-4B99-AB4C-51BB6D3A466D}.Debugx64|Any CPU.Build.0 = Debug|Any CPU
		{865101E6-5768-4B99-AB4C-51BB6D3A466D}.Debugx64|x64.ActiveCfg = Debug|Any CPU
		{865101E6-5768-4B99-AB4C-51BB6D3A466D}.Debugx64|x64.Build.0 = Debug|Any CPU
		{865101E6-5768-4B99-AB4C-51BB6D3A466D}.Debugx64|x86.ActiveCfg = Debug|Any CPU
		{865101E6-5768-4B99-AB4C-51BB6D3A466D}.Debugx64|x86.Build.0 = Debug|Any CPU
		{865101E6-5768-4B99-AB4C-51BB6D3A466D}.Release|Any CPU.ActiveCfg = Release|Any CPU
		{865101E6-5768-4B99-AB4C-51BB6D3A466D}.Release|Any CPU.Build.0 = Release|Any CPU
		{865101E6-5768-4B99-AB4C-51BB6D3A466D}.Release|x64.ActiveCfg = Release|Any CPU
		{865101E6-5768-4B99-AB4C-51BB6D3A466D}.Release|x64.Build.0 = Release|Any CPU
		{865101E6-5768-4B99-AB4C-51BB6D3A466D}.Release|x86.ActiveCfg = Release|Any CPU
		{865101E6-5768-4B99-AB4C-51BB6D3A466D}.Release|x86.Build.0 = Release|Any CPU
		{FC319963-8BA7-43F3-A05E-96F731432B83}.Debug|Any CPU.ActiveCfg = Debug|Any CPU
		{FC319963-8BA7-43F3-A05E-96F731432B83}.Debug|Any CPU.Build.0 = Debug|Any CPU
		{FC319963-8BA7-43F3-A05E-96F731432B83}.Debug|x64.ActiveCfg = Debug|Any CPU
		{FC319963-8BA7-43F3-A05E-96F731432B83}.Debug|x64.Build.0 = Debug|Any CPU
		{FC319963-8BA7-43F3-A05E-96F731432B83}.Debug|x86.ActiveCfg = Debug|Any CPU
		{FC319963-8BA7-43F3-A05E-96F731432B83}.Debug|x86.Build.0 = Debug|Any CPU
		{FC319963-8BA7-43F3-A05E-96F731432B83}.Debugx64|Any CPU.ActiveCfg = Debug|Any CPU
		{FC319963-8BA7-43F3-A05E-96F731432B83}.Debugx64|Any CPU.Build.0 = Debug|Any CPU
		{FC319963-8BA7-43F3-A05E-96F731432B83}.Debugx64|x64.ActiveCfg = Debug|Any CPU
		{FC319963-8BA7-43F3-A05E-96F731432B83}.Debugx64|x64.Build.0 = Debug|Any CPU
		{FC319963-8BA7-43F3-A05E-96F731432B83}.Debugx64|x86.ActiveCfg = Debug|Any CPU
		{FC319963-8BA7-43F3-A05E-96F731432B83}.Debugx64|x86.Build.0 = Debug|Any CPU
		{FC319963-8BA7-43F3-A05E-96F731432B83}.Release|Any CPU.ActiveCfg = Release|Any CPU
		{FC319963-8BA7-43F3-A05E-96F731432B83}.Release|Any CPU.Build.0 = Release|Any CPU
		{FC319963-8BA7-43F3-A05E-96F731432B83}.Release|x64.ActiveCfg = Release|Any CPU
		{FC319963-8BA7-43F3-A05E-96F731432B83}.Release|x64.Build.0 = Release|Any CPU
		{FC319963-8BA7-43F3-A05E-96F731432B83}.Release|x86.ActiveCfg = Release|Any CPU
		{FC319963-8BA7-43F3-A05E-96F731432B83}.Release|x86.Build.0 = Release|Any CPU
		{460B770E-6439-42D7-A53B-82A571E9C1ED}.Debug|Any CPU.ActiveCfg = Debug|Any CPU
		{460B770E-6439-42D7-A53B-82A571E9C1ED}.Debug|Any CPU.Build.0 = Debug|Any CPU
		{460B770E-6439-42D7-A53B-82A571E9C1ED}.Debug|x64.ActiveCfg = Debug|Any CPU
		{460B770E-6439-42D7-A53B-82A571E9C1ED}.Debug|x64.Build.0 = Debug|Any CPU
		{460B770E-6439-42D7-A53B-82A571E9C1ED}.Debug|x86.ActiveCfg = Debug|Any CPU
		{460B770E-6439-42D7-A53B-82A571E9C1ED}.Debug|x86.Build.0 = Debug|Any CPU
		{460B770E-6439-42D7-A53B-82A571E9C1ED}.Debugx64|Any CPU.ActiveCfg = Debug|Any CPU
		{460B770E-6439-42D7-A53B-82A571E9C1ED}.Debugx64|Any CPU.Build.0 = Debug|Any CPU
		{460B770E-6439-42D7-A53B-82A571E9C1ED}.Debugx64|x64.ActiveCfg = Debug|Any CPU
		{460B770E-6439-42D7-A53B-82A571E9C1ED}.Debugx64|x64.Build.0 = Debug|Any CPU
		{460B770E-6439-42D7-A53B-82A571E9C1ED}.Debugx64|x86.ActiveCfg = Debug|Any CPU
		{460B770E-6439-42D7-A53B-82A571E9C1ED}.Debugx64|x86.Build.0 = Debug|Any CPU
		{460B770E-6439-42D7-A53B-82A571E9C1ED}.Release|Any CPU.ActiveCfg = Release|Any CPU
		{460B770E-6439-42D7-A53B-82A571E9C1ED}.Release|Any CPU.Build.0 = Release|Any CPU
		{460B770E-6439-42D7-A53B-82A571E9C1ED}.Release|x64.ActiveCfg = Release|Any CPU
		{460B770E-6439-42D7-A53B-82A571E9C1ED}.Release|x64.Build.0 = Release|Any CPU
		{460B770E-6439-42D7-A53B-82A571E9C1ED}.Release|x86.ActiveCfg = Release|Any CPU
		{460B770E-6439-42D7-A53B-82A571E9C1ED}.Release|x86.Build.0 = Release|Any CPU
		{1108BDC1-DF2C-4AE0-9CCE-700C2DE224B9}.Debug|Any CPU.ActiveCfg = Debug|Any CPU
		{1108BDC1-DF2C-4AE0-9CCE-700C2DE224B9}.Debug|Any CPU.Build.0 = Debug|Any CPU
		{1108BDC1-DF2C-4AE0-9CCE-700C2DE224B9}.Debug|x64.ActiveCfg = Debug|Any CPU
		{1108BDC1-DF2C-4AE0-9CCE-700C2DE224B9}.Debug|x64.Build.0 = Debug|Any CPU
		{1108BDC1-DF2C-4AE0-9CCE-700C2DE224B9}.Debug|x86.ActiveCfg = Debug|Any CPU
		{1108BDC1-DF2C-4AE0-9CCE-700C2DE224B9}.Debug|x86.Build.0 = Debug|Any CPU
		{1108BDC1-DF2C-4AE0-9CCE-700C2DE224B9}.Debugx64|Any CPU.ActiveCfg = Debug|Any CPU
		{1108BDC1-DF2C-4AE0-9CCE-700C2DE224B9}.Debugx64|Any CPU.Build.0 = Debug|Any CPU
		{1108BDC1-DF2C-4AE0-9CCE-700C2DE224B9}.Debugx64|x64.ActiveCfg = Debug|Any CPU
		{1108BDC1-DF2C-4AE0-9CCE-700C2DE224B9}.Debugx64|x64.Build.0 = Debug|Any CPU
		{1108BDC1-DF2C-4AE0-9CCE-700C2DE224B9}.Debugx64|x86.ActiveCfg = Debug|Any CPU
		{1108BDC1-DF2C-4AE0-9CCE-700C2DE224B9}.Debugx64|x86.Build.0 = Debug|Any CPU
		{1108BDC1-DF2C-4AE0-9CCE-700C2DE224B9}.Release|Any CPU.ActiveCfg = Release|Any CPU
		{1108BDC1-DF2C-4AE0-9CCE-700C2DE224B9}.Release|Any CPU.Build.0 = Release|Any CPU
		{1108BDC1-DF2C-4AE0-9CCE-700C2DE224B9}.Release|x64.ActiveCfg = Release|Any CPU
		{1108BDC1-DF2C-4AE0-9CCE-700C2DE224B9}.Release|x64.Build.0 = Release|Any CPU
		{1108BDC1-DF2C-4AE0-9CCE-700C2DE224B9}.Release|x86.ActiveCfg = Release|Any CPU
		{1108BDC1-DF2C-4AE0-9CCE-700C2DE224B9}.Release|x86.Build.0 = Release|Any CPU
		{339648E6-3B61-4A27-B4A2-38A8216B1D7E}.Debug|Any CPU.ActiveCfg = Debug|Any CPU
		{339648E6-3B61-4A27-B4A2-38A8216B1D7E}.Debug|Any CPU.Build.0 = Debug|Any CPU
		{339648E6-3B61-4A27-B4A2-38A8216B1D7E}.Debug|x64.ActiveCfg = Debug|x64
		{339648E6-3B61-4A27-B4A2-38A8216B1D7E}.Debug|x64.Build.0 = Debug|x64
		{339648E6-3B61-4A27-B4A2-38A8216B1D7E}.Debug|x86.ActiveCfg = Debug|x86
		{339648E6-3B61-4A27-B4A2-38A8216B1D7E}.Debug|x86.Build.0 = Debug|x86
		{339648E6-3B61-4A27-B4A2-38A8216B1D7E}.Debugx64|Any CPU.ActiveCfg = Debugx64|Any CPU
		{339648E6-3B61-4A27-B4A2-38A8216B1D7E}.Debugx64|Any CPU.Build.0 = Debugx64|Any CPU
		{339648E6-3B61-4A27-B4A2-38A8216B1D7E}.Debugx64|x64.ActiveCfg = Debugx64|x64
		{339648E6-3B61-4A27-B4A2-38A8216B1D7E}.Debugx64|x64.Build.0 = Debugx64|x64
		{339648E6-3B61-4A27-B4A2-38A8216B1D7E}.Debugx64|x86.ActiveCfg = Debugx64|x86
		{339648E6-3B61-4A27-B4A2-38A8216B1D7E}.Debugx64|x86.Build.0 = Debugx64|x86
		{339648E6-3B61-4A27-B4A2-38A8216B1D7E}.Release|Any CPU.ActiveCfg = Release|Any CPU
		{339648E6-3B61-4A27-B4A2-38A8216B1D7E}.Release|Any CPU.Build.0 = Release|Any CPU
		{339648E6-3B61-4A27-B4A2-38A8216B1D7E}.Release|x64.ActiveCfg = Release|x64
		{339648E6-3B61-4A27-B4A2-38A8216B1D7E}.Release|x64.Build.0 = Release|x64
		{339648E6-3B61-4A27-B4A2-38A8216B1D7E}.Release|x86.ActiveCfg = Release|x86
		{339648E6-3B61-4A27-B4A2-38A8216B1D7E}.Release|x86.Build.0 = Release|x86
		{484B7A5F-FE2C-4AE1-B9C7-B5AAB4153E59}.Debug|Any CPU.ActiveCfg = Debug|Any CPU
		{484B7A5F-FE2C-4AE1-B9C7-B5AAB4153E59}.Debug|Any CPU.Build.0 = Debug|Any CPU
		{484B7A5F-FE2C-4AE1-B9C7-B5AAB4153E59}.Debug|x64.ActiveCfg = Debug|Any CPU
		{484B7A5F-FE2C-4AE1-B9C7-B5AAB4153E59}.Debug|x64.Build.0 = Debug|Any CPU
		{484B7A5F-FE2C-4AE1-B9C7-B5AAB4153E59}.Debug|x86.ActiveCfg = Debug|Any CPU
		{484B7A5F-FE2C-4AE1-B9C7-B5AAB4153E59}.Debug|x86.Build.0 = Debug|Any CPU
		{484B7A5F-FE2C-4AE1-B9C7-B5AAB4153E59}.Debugx64|Any CPU.ActiveCfg = Debug|Any CPU
		{484B7A5F-FE2C-4AE1-B9C7-B5AAB4153E59}.Debugx64|Any CPU.Build.0 = Debug|Any CPU
		{484B7A5F-FE2C-4AE1-B9C7-B5AAB4153E59}.Debugx64|x64.ActiveCfg = Debug|Any CPU
		{484B7A5F-FE2C-4AE1-B9C7-B5AAB4153E59}.Debugx64|x64.Build.0 = Debug|Any CPU
		{484B7A5F-FE2C-4AE1-B9C7-B5AAB4153E59}.Debugx64|x86.ActiveCfg = Debug|Any CPU
		{484B7A5F-FE2C-4AE1-B9C7-B5AAB4153E59}.Debugx64|x86.Build.0 = Debug|Any CPU
		{484B7A5F-FE2C-4AE1-B9C7-B5AAB4153E59}.Release|Any CPU.ActiveCfg = Release|Any CPU
		{484B7A5F-FE2C-4AE1-B9C7-B5AAB4153E59}.Release|Any CPU.Build.0 = Release|Any CPU
		{484B7A5F-FE2C-4AE1-B9C7-B5AAB4153E59}.Release|x64.ActiveCfg = Release|Any CPU
		{484B7A5F-FE2C-4AE1-B9C7-B5AAB4153E59}.Release|x64.Build.0 = Release|Any CPU
		{484B7A5F-FE2C-4AE1-B9C7-B5AAB4153E59}.Release|x86.ActiveCfg = Release|Any CPU
		{484B7A5F-FE2C-4AE1-B9C7-B5AAB4153E59}.Release|x86.Build.0 = Release|Any CPU
	EndGlobalSection
	GlobalSection(SolutionProperties) = preSolution
		HideSolutionNode = FALSE
	EndGlobalSection
	GlobalSection(NestedProjects) = preSolution
		{6DBB1FEF-0878-48E8-A5B6-3A7CFA72F57B} = {1462E252-6558-46B9-AB49-1AF431A11971}
		{3145B79F-D97F-406B-AAEC-5CF1BDF7DC92} = {4A3FD652-3AD5-47C5-9909-588B4EEEDBAE}
		{E5F7453F-4453-4197-9AED-4B90B35FC7F2} = {1462E252-6558-46B9-AB49-1AF431A11971}
		{AE76687D-B4E7-4A2D-82F6-A168C35C0479} = {9AC75302-2D96-4C88-A1EB-0A451A9C1D01}
		{5F54E35F-88AC-44A1-9CCE-2656FABB2D2C} = {4A3FD652-3AD5-47C5-9909-588B4EEEDBAE}
		{CFCF4780-898E-44AE-8C0A-A257906D14E2} = {C831F87F-C7BC-4E2A-BC52-604C8700515C}
		{FEB5BE61-71B8-4763-913C-B236D76347EB} = {C831F87F-C7BC-4E2A-BC52-604C8700515C}
		{AFC59A46-A7A0-4582-A85C-31180665FFBA} = {9AC75302-2D96-4C88-A1EB-0A451A9C1D01}
		{C9DFA7DB-76F3-44B5-8A69-CAD06DC98651} = {E08457FC-A7CD-4CC2-B624-FC5478C3741D}
		{DD84715E-5780-49DF-A013-8101A4FE6A1C} = {C831F87F-C7BC-4E2A-BC52-604C8700515C}
		{1CDDBC46-B26E-45F1-A87C-4968A375BEE2} = {1462E252-6558-46B9-AB49-1AF431A11971}
		{AE51F1FC-FCC6-48E3-AD36-1D47799D78D7} = {7B1A525F-EEED-4D1E-A108-8B3B38DC7E8D}
		{EAC35289-F1DE-4754-83D9-291880CE2955} = {4A3FD652-3AD5-47C5-9909-588B4EEEDBAE}
		{857C2D37-8164-44F7-A531-F6222B26C4BF} = {E08457FC-A7CD-4CC2-B624-FC5478C3741D}
		{2A785CF8-2361-4457-AF7A-1C57785856FB} = {4A3FD652-3AD5-47C5-9909-588B4EEEDBAE}
		{EB76DA0A-B765-4342-9E59-E93DCE701C62} = {C831F87F-C7BC-4E2A-BC52-604C8700515C}
		{865101E6-5768-4B99-AB4C-51BB6D3A466D} = {A277AC58-628F-416C-B1ED-ECC0272CF91F}
		{FC319963-8BA7-43F3-A05E-96F731432B83} = {9AC75302-2D96-4C88-A1EB-0A451A9C1D01}
		{460B770E-6439-42D7-A53B-82A571E9C1ED} = {9AC75302-2D96-4C88-A1EB-0A451A9C1D01}
		{1108BDC1-DF2C-4AE0-9CCE-700C2DE224B9} = {9AC75302-2D96-4C88-A1EB-0A451A9C1D01}
		{339648E6-3B61-4A27-B4A2-38A8216B1D7E} = {459A1F59-7C2B-4250-9447-6F65799F0F74}
		{484B7A5F-FE2C-4AE1-B9C7-B5AAB4153E59} = {C831F87F-C7BC-4E2A-BC52-604C8700515C}
	EndGlobalSection
	GlobalSection(ExtensibilityGlobals) = postSolution
		SolutionGuid = {35B4F92B-4304-41CA-9095-C2CDFBDBE1B2}
	EndGlobalSection
EndGlobal
